
Microsoft Visual Studio Solution File, Format Version 12.00
# Visual Studio Version 16
VisualStudioVersion = 16.0.33927.289
MinimumVisualStudioVersion = 10.0.40219.1
Project("{2150E333-8FDC-42A3-9474-1A3956D46DE8}") = "Task0", "Task0", "{3FE94C8F-5707-4F9F-AA7A-C6A70316B510}"
EndProject
Project("{FAE04EC0-301F-11D3-BF4B-00C04F79EFBC}") = "Tyuiu.SugrovskiyNI.Sprint3.Task0.V2", "Tyuiu.SugrovskiyNI.Sprint3.Task0.V2\Tyuiu.SugrovskiyNI.Sprint3.Task0.V2.csproj", "{7FD4CD1D-2196-4500-A5A1-A94C9A99A05B}"
EndProject
Project("{FAE04EC0-301F-11D3-BF4B-00C04F79EFBC}") = "Tyuiu.SugrovskiyNI.Sprint3.Task0.V2.Lib", "Tyuiu.SugrovskiyNI.Sprint3.Task0.V2.Lib\Tyuiu.SugrovskiyNI.Sprint3.Task0.V2.Lib.csproj", "{67E4FCE4-57C9-4E24-A49B-C0B3BC933721}"
EndProject
Project("{FAE04EC0-301F-11D3-BF4B-00C04F79EFBC}") = "Tyuiu.SugrovskiyNI.Sprint3.Task0.V2.Test", "Tyuiu.SugrovskiyNI.Sprint3.Task0.V2.Test\Tyuiu.SugrovskiyNI.Sprint3.Task0.V2.Test.csproj", "{4139B6ED-3699-4D2C-9097-E79E65820AB7}"
EndProject
Project("{2150E333-8FDC-42A3-9474-1A3956D46DE8}") = "Task1", "Task1", "{FCDD3808-76D7-4622-9981-778EE6F406F4}"
EndProject
Project("{FAE04EC0-301F-11D3-BF4B-00C04F79EFBC}") = "Tyuiu.SugrovskiyNI.Sprint3.Task1.V12", "Tyuiu.SugrovskiyNI.Sprint3.Task1.V12\Tyuiu.SugrovskiyNI.Sprint3.Task1.V12.csproj", "{C862B2C5-856A-498F-9CBA-26D4CE8EB7F4}"
EndProject
Project("{FAE04EC0-301F-11D3-BF4B-00C04F79EFBC}") = "Tyuiu.SugrovskiyNI.Sprint3.Task1.V12.Lib", "Tyuiu.SugrovskiyNI.Sprint3.Task1.V12.Lib\Tyuiu.SugrovskiyNI.Sprint3.Task1.V12.Lib.csproj", "{BC3C1D5E-3BDD-4875-B05D-6D0BA0773BAD}"
EndProject
Project("{FAE04EC0-301F-11D3-BF4B-00C04F79EFBC}") = "Tyuiu.SugrovskiyNI.Sprint3.Task1.V12.Test", "Tyuiu.SugrovskiyNI.Sprint3.Task1.V12.Test\Tyuiu.SugrovskiyNI.Sprint3.Task1.V12.Test.csproj", "{F31AF839-D93C-4E09-8E15-FAB4D8595ACD}"
EndProject
Project("{2150E333-8FDC-42A3-9474-1A3956D46DE8}") = "Task2", "Task2", "{8E7899D6-99BD-4CD1-9F09-3B9392B8E12D}"
EndProject
Project("{FAE04EC0-301F-11D3-BF4B-00C04F79EFBC}") = "Tyuiu.SugrovskiyNI.Sprint3.Task2.V13", "Tyuiu.SugrovskiyNI.Sprint3.Task2.V13\Tyuiu.SugrovskiyNI.Sprint3.Task2.V13.csproj", "{8986CA46-2A0C-4366-9E3D-0847295ABAE1}"
EndProject
Project("{FAE04EC0-301F-11D3-BF4B-00C04F79EFBC}") = "Tyuiu.SugrovskiyNI.Sprint3.Task2.V13.Lib", "Tyuiu.SugrovskiyNI.Sprint3.Task2.V13.Lib\Tyuiu.SugrovskiyNI.Sprint3.Task2.V13.Lib.csproj", "{B41B2ABB-8307-4F75-BE2F-4E14D55E4A1A}"
EndProject
Project("{FAE04EC0-301F-11D3-BF4B-00C04F79EFBC}") = "Tyuiu.SugrovskiyNI.Sprint3.Task2.V13.Test", "Tyuiu.SugrovskiyNI.Sprint3.Task2.V13.Test\Tyuiu.SugrovskiyNI.Sprint3.Task2.V13.Test.csproj", "{E66AB2AF-2C99-4DC3-9450-7E0465A77E4A}"
EndProject
Project("{2150E333-8FDC-42A3-9474-1A3956D46DE8}") = "Task3", "Task3", "{83C227FA-7654-4146-B625-E6EB8CB8F87E}"
EndProject
Project("{FAE04EC0-301F-11D3-BF4B-00C04F79EFBC}") = "Tyuiu.SugrovskiyNI.Sprint3.Task3.V12", "Tyuiu.SugrovskiyNI.Sprint3.Task3.V12\Tyuiu.SugrovskiyNI.Sprint3.Task3.V12.csproj", "{935E1873-9648-4B0E-91C3-E2519631B0C2}"
EndProject
Project("{FAE04EC0-301F-11D3-BF4B-00C04F79EFBC}") = "Tyuiu.SugrovskiyNI.Sprint3.Task3.V12.Lib", "Tyuiu.SugrovskiyNI.Sprint3.Task3.V12.Lib\Tyuiu.SugrovskiyNI.Sprint3.Task3.V12.Lib.csproj", "{5F0A1F83-7591-4073-97E6-908B0963B728}"
EndProject
Project("{FAE04EC0-301F-11D3-BF4B-00C04F79EFBC}") = "Tyuiu.SugrovskiyNI.Sprint3.Task3.V12.Test", "Tyuiu.SugrovskiyNI.Sprint3.Task3.V12.Test\Tyuiu.SugrovskiyNI.Sprint3.Task3.V12.Test.csproj", "{36624163-C818-4DD1-B3CE-81FE51CFF096}"
EndProject
Global
	GlobalSection(SolutionConfigurationPlatforms) = preSolution
		Debug|Any CPU = Debug|Any CPU
		Release|Any CPU = Release|Any CPU
	EndGlobalSection
	GlobalSection(ProjectConfigurationPlatforms) = postSolution
		{7FD4CD1D-2196-4500-A5A1-A94C9A99A05B}.Debug|Any CPU.ActiveCfg = Debug|Any CPU
		{7FD4CD1D-2196-4500-A5A1-A94C9A99A05B}.Debug|Any CPU.Build.0 = Debug|Any CPU
		{7FD4CD1D-2196-4500-A5A1-A94C9A99A05B}.Release|Any CPU.ActiveCfg = Release|Any CPU
		{7FD4CD1D-2196-4500-A5A1-A94C9A99A05B}.Release|Any CPU.Build.0 = Release|Any CPU
		{67E4FCE4-57C9-4E24-A49B-C0B3BC933721}.Debug|Any CPU.ActiveCfg = Debug|Any CPU
		{67E4FCE4-57C9-4E24-A49B-C0B3BC933721}.Debug|Any CPU.Build.0 = Debug|Any CPU
		{67E4FCE4-57C9-4E24-A49B-C0B3BC933721}.Release|Any CPU.ActiveCfg = Release|Any CPU
		{67E4FCE4-57C9-4E24-A49B-C0B3BC933721}.Release|Any CPU.Build.0 = Release|Any CPU
		{4139B6ED-3699-4D2C-9097-E79E65820AB7}.Debug|Any CPU.ActiveCfg = Debug|Any CPU
		{4139B6ED-3699-4D2C-9097-E79E65820AB7}.Debug|Any CPU.Build.0 = Debug|Any CPU
		{4139B6ED-3699-4D2C-9097-E79E65820AB7}.Release|Any CPU.ActiveCfg = Release|Any CPU
		{4139B6ED-3699-4D2C-9097-E79E65820AB7}.Release|Any CPU.Build.0 = Release|Any CPU
		{C862B2C5-856A-498F-9CBA-26D4CE8EB7F4}.Debug|Any CPU.ActiveCfg = Debug|Any CPU
		{C862B2C5-856A-498F-9CBA-26D4CE8EB7F4}.Debug|Any CPU.Build.0 = Debug|Any CPU
		{C862B2C5-856A-498F-9CBA-26D4CE8EB7F4}.Release|Any CPU.ActiveCfg = Release|Any CPU
		{C862B2C5-856A-498F-9CBA-26D4CE8EB7F4}.Release|Any CPU.Build.0 = Release|Any CPU
		{BC3C1D5E-3BDD-4875-B05D-6D0BA0773BAD}.Debug|Any CPU.ActiveCfg = Debug|Any CPU
		{BC3C1D5E-3BDD-4875-B05D-6D0BA0773BAD}.Debug|Any CPU.Build.0 = Debug|Any CPU
		{BC3C1D5E-3BDD-4875-B05D-6D0BA0773BAD}.Release|Any CPU.ActiveCfg = Release|Any CPU
		{BC3C1D5E-3BDD-4875-B05D-6D0BA0773BAD}.Release|Any CPU.Build.0 = Release|Any CPU
		{F31AF839-D93C-4E09-8E15-FAB4D8595ACD}.Debug|Any CPU.ActiveCfg = Debug|Any CPU
		{F31AF839-D93C-4E09-8E15-FAB4D8595ACD}.Debug|Any CPU.Build.0 = Debug|Any CPU
		{F31AF839-D93C-4E09-8E15-FAB4D8595ACD}.Release|Any CPU.ActiveCfg = Release|Any CPU
		{F31AF839-D93C-4E09-8E15-FAB4D8595ACD}.Release|Any CPU.Build.0 = Release|Any CPU
		{8986CA46-2A0C-4366-9E3D-0847295ABAE1}.Debug|Any CPU.ActiveCfg = Debug|Any CPU
		{8986CA46-2A0C-4366-9E3D-0847295ABAE1}.Debug|Any CPU.Build.0 = Debug|Any CPU
		{8986CA46-2A0C-4366-9E3D-0847295ABAE1}.Release|Any CPU.ActiveCfg = Release|Any CPU
		{8986CA46-2A0C-4366-9E3D-0847295ABAE1}.Release|Any CPU.Build.0 = Release|Any CPU
		{B41B2ABB-8307-4F75-BE2F-4E14D55E4A1A}.Debug|Any CPU.ActiveCfg = Debug|Any CPU
		{B41B2ABB-8307-4F75-BE2F-4E14D55E4A1A}.Debug|Any CPU.Build.0 = Debug|Any CPU
		{B41B2ABB-8307-4F75-BE2F-4E14D55E4A1A}.Release|Any CPU.ActiveCfg = Release|Any CPU
		{B41B2ABB-8307-4F75-BE2F-4E14D55E4A1A}.Release|Any CPU.Build.0 = Release|Any CPU
		{E66AB2AF-2C99-4DC3-9450-7E0465A77E4A}.Debug|Any CPU.ActiveCfg = Debug|Any CPU
		{E66AB2AF-2C99-4DC3-9450-7E0465A77E4A}.Debug|Any CPU.Build.0 = Debug|Any CPU
		{E66AB2AF-2C99-4DC3-9450-7E0465A77E4A}.Release|Any CPU.ActiveCfg = Release|Any CPU
		{E66AB2AF-2C99-4DC3-9450-7E0465A77E4A}.Release|Any CPU.Build.0 = Release|Any CPU
		{935E1873-9648-4B0E-91C3-E2519631B0C2}.Debug|Any CPU.ActiveCfg = Debug|Any CPU
		{935E1873-9648-4B0E-91C3-E2519631B0C2}.Debug|Any CPU.Build.0 = Debug|Any CPU
		{935E1873-9648-4B0E-91C3-E2519631B0C2}.Release|Any CPU.ActiveCfg = Release|Any CPU
		{935E1873-9648-4B0E-91C3-E2519631B0C2}.Release|Any CPU.Build.0 = Release|Any CPU
		{5F0A1F83-7591-4073-97E6-908B0963B728}.Debug|Any CPU.ActiveCfg = Debug|Any CPU
		{5F0A1F83-7591-4073-97E6-908B0963B728}.Debug|Any CPU.Build.0 = Debug|Any CPU
		{5F0A1F83-7591-4073-97E6-908B0963B728}.Release|Any CPU.ActiveCfg = Release|Any CPU
		{5F0A1F83-7591-4073-97E6-908B0963B728}.Release|Any CPU.Build.0 = Release|Any CPU
		{36624163-C818-4DD1-B3CE-81FE51CFF096}.Debug|Any CPU.ActiveCfg = Debug|Any CPU
		{36624163-C818-4DD1-B3CE-81FE51CFF096}.Debug|Any CPU.Build.0 = Debug|Any CPU
		{36624163-C818-4DD1-B3CE-81FE51CFF096}.Release|Any CPU.ActiveCfg = Release|Any CPU
		{36624163-C818-4DD1-B3CE-81FE51CFF096}.Release|Any CPU.Build.0 = Release|Any CPU
	EndGlobalSection
	GlobalSection(SolutionProperties) = preSolution
		HideSolutionNode = FALSE
	EndGlobalSection
	GlobalSection(NestedProjects) = preSolution
		{7FD4CD1D-2196-4500-A5A1-A94C9A99A05B} = {3FE94C8F-5707-4F9F-AA7A-C6A70316B510}
		{67E4FCE4-57C9-4E24-A49B-C0B3BC933721} = {3FE94C8F-5707-4F9F-AA7A-C6A70316B510}
		{4139B6ED-3699-4D2C-9097-E79E65820AB7} = {3FE94C8F-5707-4F9F-AA7A-C6A70316B510}
		{C862B2C5-856A-498F-9CBA-26D4CE8EB7F4} = {FCDD3808-76D7-4622-9981-778EE6F406F4}
		{BC3C1D5E-3BDD-4875-B05D-6D0BA0773BAD} = {FCDD3808-76D7-4622-9981-778EE6F406F4}
		{F31AF839-D93C-4E09-8E15-FAB4D8595ACD} = {FCDD3808-76D7-4622-9981-778EE6F406F4}
		{8986CA46-2A0C-4366-9E3D-0847295ABAE1} = {8E7899D6-99BD-4CD1-9F09-3B9392B8E12D}
		{B41B2ABB-8307-4F75-BE2F-4E14D55E4A1A} = {8E7899D6-99BD-4CD1-9F09-3B9392B8E12D}
		{E66AB2AF-2C99-4DC3-9450-7E0465A77E4A} = {8E7899D6-99BD-4CD1-9F09-3B9392B8E12D}
		{935E1873-9648-4B0E-91C3-E2519631B0C2} = {83C227FA-7654-4146-B625-E6EB8CB8F87E}
		{5F0A1F83-7591-4073-97E6-908B0963B728} = {83C227FA-7654-4146-B625-E6EB8CB8F87E}
		{36624163-C818-4DD1-B3CE-81FE51CFF096} = {83C227FA-7654-4146-B625-E6EB8CB8F87E}
	EndGlobalSection
	GlobalSection(ExtensibilityGlobals) = postSolution
		SolutionGuid = {9A5C80F0-1F7C-41BD-B992-01D4109BECFC}
	EndGlobalSection
EndGlobal
